<?xml version="1.0" encoding="utf-8"?>
<Project ToolsVersion="4.0" xmlns="http://schemas.microsoft.com/developer/msbuild/2003">
  <ItemGroup>
    <Filter Include="Source Files">
      <UniqueIdentifier>{4FC737F1-C7A5-4376-A066-2A32D752A2FF}</UniqueIdentifier>
      <Extensions>cpp;c;cc;cxx;def;odl;idl;hpj;bat;asm;asmx</Extensions>
    </Filter>
    <Filter Include="Header Files">
      <UniqueIdentifier>{93995380-89BD-4b04-88EB-625FBE52EBFB}</UniqueIdentifier>
      <Extensions>h;hh;hpp;hxx;hm;inl;inc;xsd</Extensions>
    </Filter>
    <Filter Include="Resource Files">
      <UniqueIdentifier>{D9D6E242-F8AF-46E4-B9FD-80ECBC20BA3E}</UniqueIdentifier>
      <Extensions>qrc;*</Extensions>
      <ParseFiles>false</ParseFiles>
    </Filter>
    <Filter Include="Form Files">
      <UniqueIdentifier>{99349809-55BA-4b9d-BF79-8FDBB0286EB3}</UniqueIdentifier>
      <Extensions>ui</Extensions>
    </Filter>
    <Filter Include="Resource Files">
      <UniqueIdentifier>{D9D6E242-F8AF-46E4-B9FD-80ECBC20BA3E}</UniqueIdentifier>
      <Extensions>qrc;*</Extensions>
      <ParseFiles>false</ParseFiles>
    </Filter>
    <Filter Include="Header Files\Core">
      <UniqueIdentifier>{992870f4-26a4-44a1-bdef-dda56b4b4860}</UniqueIdentifier>
    </Filter>
    <Filter Include="Header Files\UI">
      <UniqueIdentifier>{1a3cc3a8-48d5-461d-9005-bef2dd1eaedf}</UniqueIdentifier>
    </Filter>
    <Filter Include="Source Files\Core">
      <UniqueIdentifier>{d59a3d70-4375-426b-82d1-b338a6138618}</UniqueIdentifier>
    </Filter>
    <Filter Include="Source Files\UI">
      <UniqueIdentifier>{d54d347e-9e9f-4adb-a113-321c5115230d}</UniqueIdentifier>
    </Filter>
    <Filter Include="Source Files\Process">
      <UniqueIdentifier>{0db0f25d-d011-4e33-ac9d-56587cfe07de}</UniqueIdentifier>
    </Filter>
    <Filter Include="Header Files\Process">
      <UniqueIdentifier>{9d3b96a0-7f5c-4ca0-a09a-576916e49623}</UniqueIdentifier>
    </Filter>
  </ItemGroup>
  <ItemGroup>
    <ClCompile Include="main.cpp">
      <Filter>Source Files</Filter>
    </ClCompile>
    <ClCompile Include="LoginWindow.cpp">
      <Filter>Source Files\UI</Filter>
    </ClCompile>
    <ClCompile Include="admin.cpp">
      <Filter>Source Files\Core</Filter>
    </ClCompile>
    <ClCompile Include="student.cpp">
      <Filter>Source Files\Core</Filter>
    </ClCompile>
    <ClCompile Include="teacher.cpp">
      <Filter>Source Files\Core</Filter>
    </ClCompile>
    <ClCompile Include="AdminProcess.cpp">
      <Filter>Source Files\Process</Filter>
    </ClCompile>
    <ClCompile Include="LoginProcess.cpp">
      <Filter>Source Files\Process</Filter>
    </ClCompile>
    <ClCompile Include="AddUserWindow.cpp">
      <Filter>Source Files\UI</Filter>
    </ClCompile>
    <ClCompile Include="ChangeUserWindow.cpp">
      <Filter>Source Files\UI</Filter>
    </ClCompile>
    <ClCompile Include="AdminWindow.cpp">
      <Filter>Source Files\UI</Filter>
    </ClCompile>
    <ClCompile Include="StudentWindow.cpp">
      <Filter>Source Files\UI</Filter>
    </ClCompile>
    <ClCompile Include="TeacherWindow.cpp">
      <Filter>Source Files\UI</Filter>
    </ClCompile>
    <ClCompile Include="user.cpp">
      <Filter>Source Files\Core</Filter>
    </ClCompile>
    <ClCompile Include="audio.cpp">
      <Filter>Source Files\Core</Filter>
    </ClCompile>
    <ClCompile Include="audioframe.cpp">
      <Filter>Source Files\Core</Filter>
    </ClCompile>
    <ClCompile Include="client.cpp">
      <Filter>Source Files\Core</Filter>
    </ClCompile>
    <ClCompile Include="Connection.cpp">
      <Filter>Source Files\Core</Filter>
    </ClCompile>
    <ClCompile Include="Image.cpp">
      <Filter>Source Files\Core</Filter>
    </ClCompile>
    <ClCompile Include="log.cpp">
      <Filter>Source Files\Core</Filter>
    </ClCompile>
    <ClCompile Include="Message.cpp">
      <Filter>Source Files\Core</Filter>
    </ClCompile>
    <ClCompile Include="Pixel.cpp">
      <Filter>Source Files\Core</Filter>
    </ClCompile>
    <ClCompile Include="Server.cpp">
      <Filter>Source Files\Core</Filter>
    </ClCompile>
    <ClCompile Include="teacherprocess.cpp">
      <Filter>Source Files\Process</Filter>
    </ClCompile>
    <ClCompile Include="studentprocess.cpp">
      <Filter>Source Files\Process</Filter>
    </ClCompile>
    <ClCompile Include="TimeCount.cpp">
      <Filter>Source Files\Core</Filter>
    </ClCompile>
    <ClCompile Include="StudentDataWindow.cpp">
      <Filter>Source Files\UI</Filter>
    </ClCompile>
    <ClCompile Include="Question.cpp">
      <Filter>Source Files\Core</Filter>
    </ClCompile>
    <ClCompile Include="Answer.cpp">
      <Filter>Source Files\Core</Filter>
    </ClCompile>
    <ClCompile Include="QuestionWindow.cpp">
      <Filter>Source Files\UI</Filter>
    </ClCompile>
    <ClCompile Include="AnswerResWindow.cpp">
      <Filter>Source Files\UI</Filter>
    </ClCompile>
    <ClCompile Include="QStrAndStr.cpp">
      <Filter>Source Files</Filter>
    </ClCompile>
  </ItemGroup>
  <ItemGroup>
    <QtMoc Include="LoginWindow.h">
      <Filter>Header Files\UI</Filter>
    </QtMoc>
    <QtMoc Include="AdminProcess.h">
      <Filter>Header Files\Process</Filter>
    </QtMoc>
    <QtMoc Include="AddUserWindow.h">
      <Filter>Header Files\UI</Filter>
    </QtMoc>
    <QtMoc Include="ChangeUserWindow.h">
      <Filter>Header Files\UI</Filter>
    </QtMoc>
    <QtMoc Include="AdminWindow.h">
      <Filter>Header Files\UI</Filter>
    </QtMoc>
    <QtMoc Include="StudentWindow.h">
      <Filter>Header Files\UI</Filter>
    </QtMoc>
    <QtMoc Include="TeacherWindow.h">
      <Filter>Header Files\UI</Filter>
    </QtMoc>
    <QtMoc Include="studentprocess.h">
      <Filter>Header Files\Process</Filter>
    </QtMoc>
    <QtMoc Include="teacherprocess.h">
      <Filter>Header Files\Process</Filter>
    </QtMoc>
    <QtMoc Include="StudentDataWindow.h">
      <Filter>Header Files\UI</Filter>
    </QtMoc>
    <QtMoc Include="QuestionWindow.h">
      <Filter>Header Files\UI</Filter>
    </QtMoc>
    <QtMoc Include="AnswerResWindow.h">
      <Filter>Header Files\UI</Filter>
    </QtMoc>
  </ItemGroup>
  <ItemGroup>
    <QtUic Include="LoginWindow.ui">
      <Filter>Form Files</Filter>
    </QtUic>
    <QtUic Include="TeacherWindow.ui">
      <Filter>Form Files</Filter>
    </QtUic>
    <QtUic Include="StudentWindow.ui">
      <Filter>Form Files</Filter>
    </QtUic>
    <QtUic Include="AdminWindow.ui">
      <Filter>Form Files</Filter>
    </QtUic>
    <QtUic Include="AddUserWindow.ui">
      <Filter>Form Files</Filter>
    </QtUic>
    <QtUic Include="ChangeUserWindow.ui">
      <Filter>Form Files</Filter>
    </QtUic>
    <QtUic Include="StudentDataWindow.ui">
      <Filter>Form Files</Filter>
    </QtUic>
    <QtUic Include="QuestionWindow.ui">
      <Filter>Form Files</Filter>
    </QtUic>
    <QtUic Include="AnswerResWindow.ui">
      <Filter>Form Files</Filter>
    </QtUic>
  </ItemGroup>
  <ItemGroup>
    <ClInclude Include="admin.h">
      <Filter>Header Files\Core</Filter>
    </ClInclude>
    <ClInclude Include="student.h">
      <Filter>Header Files\Core</Filter>
    </ClInclude>
    <ClInclude Include="teacher.h">
      <Filter>Header Files\Core</Filter>
    </ClInclude>
    <ClInclude Include="LoginProcess.h">
      <Filter>Header Files\Process</Filter>
    </ClInclude>
    <ClInclude Include="user.h">
      <Filter>Header Files\Core</Filter>
    </ClInclude>
    <ClInclude Include="audio.h">
      <Filter>Header Files\Core</Filter>
    </ClInclude>
    <ClInclude Include="audioframe.h">
      <Filter>Header Files\Core</Filter>
    </ClInclude>
    <ClInclude Include="client.h">
      <Filter>Header Files\Core</Filter>
    </ClInclude>
    <ClInclude Include="Connection.h">
      <Filter>Header Files\Core</Filter>
    </ClInclude>
    <ClInclude Include="Image.h">
      <Filter>Header Files\Core</Filter>
    </ClInclude>
    <ClInclude Include="log.h">
      <Filter>Header Files\Core</Filter>
    </ClInclude>
    <ClInclude Include="Message.h">
      <Filter>Header Files\Core</Filter>
    </ClInclude>
    <ClInclude Include="MessageType.h">
      <Filter>Header Files\Core</Filter>
    </ClInclude>
    <ClInclude Include="Pixel.h">
      <Filter>Header Files\Core</Filter>
    </ClInclude>
    <ClInclude Include="Server.h">
      <Filter>Header Files\Core</Filter>
    </ClInclude>
    <ClInclude Include="TimeCount.h">
      <Filter>Header Files\Core</Filter>
    </ClInclude>
    <ClInclude Include="Question.h">
      <Filter>Header Files\Core</Filter>
    </ClInclude>
    <ClInclude Include="Answer.h">
      <Filter>Header Files\Core</Filter>
    </ClInclude>
    <ClInclude Include="QStrAndStr.h">
      <Filter>Header Files</Filter>
    </ClInclude>
  </ItemGroup>
  <ItemGroup>
    <ResourceCompile Include="ThunderClass.rc" />
  </ItemGroup>
</Project>